{
  "name": "ionic-rich-notifications",
  "lockfileVersion": 1,
  "dependencies": {
    "@angular/core": {
      "version": "4.1.3",
      "resolved": "https://registry.npmjs.org/@angular/core/-/core-4.1.3.tgz",
      "integrity": "sha1-KFSY64arfQtvmC+Pn0h+9hABOzU="
    },
    "@ionic-native/core": {
      "version": "3.12.1",
      "resolved": "https://registry.npmjs.org/@ionic-native/core/-/core-3.12.1.tgz",
      "integrity": "sha512-cncRlkun1lwJ0kZUs7jrDbmHDvHNdveJhdsgJT7nGLavbK54UN3CdBjMcAk7zNOqlil6nXY8Nn/2B6WpUmQRNg=="
    },
    "@types/node": {
      "version": "7.0.28",
      "resolved": "https://registry.npmjs.org/@types/node/-/node-7.0.28.tgz",
      "integrity": "sha512-9rLhvgupMpC7Yh24yB8zj+4L6SZ9BYUwqknEC8+R7gqCg3KL65UHg7yu9X6J8mSmmtVr1Hbey564yZ3C9nXqtQ=="
    },
    "@types/source-map": {
      "version": "0.5.0",
      "resolved": "https://registry.npmjs.org/@types/source-map/-/source-map-0.5.0.tgz",
      "integrity": "sha1-3TS72OMv5OdPLj2KwH+KpbRaR6w="
    },
    "rxjs": {
      "version": "5.4.0",
      "resolved": "https://registry.npmjs.org/rxjs/-/rxjs-5.4.0.tgz",
      "integrity": "sha1-p9sUqxV/nXqsalbmVeejhg05vyY="
    },
    "symbol-observable": {
      "version": "1.0.4",
      "resolved": "https://registry.npmjs.org/symbol-observable/-/symbol-observable-1.0.4.tgz",
      "integrity": "sha1-Kb9hXUqnEhvdiYsi1LP5vE4qoD0="
    },
    "typescript": {
      "version": "2.3.4",
      "resolved": "https://registry.npmjs.org/typescript/-/typescript-2.3.4.tgz",
      "integrity": "sha1-PTgyGCgjHkNPKHUUlZw3qCtin0I="
    },
    "zone.js": {
      "version": "0.8.11",
      "resolved": "https://registry.npmjs.org/zone.js/-/zone.js-0.8.11.tgz",
      "integrity": "sha1-dCvvsX+8SaVxcSuMfYfljKJv2IY="
    }
  }
}
